
Microsoft Visual Studio Solution File, Format Version 12.00
# Visual Studio 15
VisualStudioVersion = 15.0.28010.2048
MinimumVisualStudioVersion = 10.0.40219.1
Project("{9A19103F-16F7-4668-BE54-9A1E7A4F7556}") = "D3vS1m.Domain", "D3vS1m.Domain\D3vS1m.Domain.csproj", "{E70606E0-D54C-48D4-B650-AA52FAE25E75}"
EndProject
Project("{9A19103F-16F7-4668-BE54-9A1E7A4F7556}") = "D3vS1m.Persistence", "D3vS1m.Persistence\D3vS1m.Persistence.csproj", "{2217EEDA-E303-423C-A2C4-D2F65837748E}"
EndProject
Project("{9A19103F-16F7-4668-BE54-9A1E7A4F7556}") = "D3vS1m.Application", "D3vS1m.Application\D3vS1m.Application.csproj", "{6D46A54C-A368-4360-AEA9-2338DE9718CD}"
EndProject
Project("{9A19103F-16F7-4668-BE54-9A1E7A4F7556}") = "MSTests", "MSTests\MSTests.csproj", "{9D90B781-E52C-4163-A430-52E227021421}"
EndProject
Project("{FAE04EC0-301F-11D3-BF4B-00C04F79EFBC}") = "D3vS1m.Web", "D3vS1m.Web\D3vS1m.Web.csproj", "{7C2B46DF-864A-4622-B194-806BF6C6F510}"
EndProject
Global
	GlobalSection(SolutionConfigurationPlatforms) = preSolution
		Debug|Any CPU = Debug|Any CPU
		Release|Any CPU = Release|Any CPU
	EndGlobalSection
	GlobalSection(ProjectConfigurationPlatforms) = postSolution
		{E70606E0-D54C-48D4-B650-AA52FAE25E75}.Debug|Any CPU.ActiveCfg = Debug|Any CPU
		{E70606E0-D54C-48D4-B650-AA52FAE25E75}.Debug|Any CPU.Build.0 = Debug|Any CPU
		{E70606E0-D54C-48D4-B650-AA52FAE25E75}.Release|Any CPU.ActiveCfg = Release|Any CPU
		{E70606E0-D54C-48D4-B650-AA52FAE25E75}.Release|Any CPU.Build.0 = Release|Any CPU
		{2217EEDA-E303-423C-A2C4-D2F65837748E}.Debug|Any CPU.ActiveCfg = Debug|Any CPU
		{2217EEDA-E303-423C-A2C4-D2F65837748E}.Debug|Any CPU.Build.0 = Debug|Any CPU
		{2217EEDA-E303-423C-A2C4-D2F65837748E}.Release|Any CPU.ActiveCfg = Release|Any CPU
		{2217EEDA-E303-423C-A2C4-D2F65837748E}.Release|Any CPU.Build.0 = Release|Any CPU
		{6D46A54C-A368-4360-AEA9-2338DE9718CD}.Debug|Any CPU.ActiveCfg = Debug|Any CPU
		{6D46A54C-A368-4360-AEA9-2338DE9718CD}.Debug|Any CPU.Build.0 = Debug|Any CPU
		{6D46A54C-A368-4360-AEA9-2338DE9718CD}.Release|Any CPU.ActiveCfg = Release|Any CPU
		{6D46A54C-A368-4360-AEA9-2338DE9718CD}.Release|Any CPU.Build.0 = Release|Any CPU
		{9D90B781-E52C-4163-A430-52E227021421}.Debug|Any CPU.ActiveCfg = Debug|Any CPU
		{9D90B781-E52C-4163-A430-52E227021421}.Debug|Any CPU.Build.0 = Debug|Any CPU
		{9D90B781-E52C-4163-A430-52E227021421}.Release|Any CPU.ActiveCfg = Release|Any CPU
		{9D90B781-E52C-4163-A430-52E227021421}.Release|Any CPU.Build.0 = Release|Any CPU
		{7C2B46DF-864A-4622-B194-806BF6C6F510}.Debug|Any CPU.ActiveCfg = Debug|Any CPU
		{7C2B46DF-864A-4622-B194-806BF6C6F510}.Debug|Any CPU.Build.0 = Debug|Any CPU
		{7C2B46DF-864A-4622-B194-806BF6C6F510}.Release|Any CPU.ActiveCfg = Release|Any CPU
		{7C2B46DF-864A-4622-B194-806BF6C6F510}.Release|Any CPU.Build.0 = Release|Any CPU
	EndGlobalSection
	GlobalSection(SolutionProperties) = preSolution
		HideSolutionNode = FALSE
	EndGlobalSection
	GlobalSection(ExtensibilityGlobals) = postSolution
		SolutionGuid = {9D159DB2-D55B-42CA-93B4-F2780222BEE6}
	EndGlobalSection
EndGlobal
