
Microsoft Visual Studio Solution File, Format Version 12.00
# Visual Studio Version 16
VisualStudioVersion = 16.0.30128.74
MinimumVisualStudioVersion = 10.0.40219.1
Project("{9A19103F-16F7-4668-BE54-9A1E7A4F7556}") = "D3vS1m.Domain", "D3vS1m.Domain\D3vS1m.Domain.csproj", "{E70606E0-D54C-48D4-B650-AA52FAE25E75}"
EndProject
Project("{9A19103F-16F7-4668-BE54-9A1E7A4F7556}") = "D3vS1m.Persistence", "D3vS1m.Persistence\D3vS1m.Persistence.csproj", "{2217EEDA-E303-423C-A2C4-D2F65837748E}"
EndProject
Project("{9A19103F-16F7-4668-BE54-9A1E7A4F7556}") = "D3vS1m.Application", "D3vS1m.Application\D3vS1m.Application.csproj", "{6D46A54C-A368-4360-AEA9-2338DE9718CD}"
EndProject
Project("{9A19103F-16F7-4668-BE54-9A1E7A4F7556}") = "MSTests", "MSTests\MSTests.csproj", "{9D90B781-E52C-4163-A430-52E227021421}"
EndProject
Project("{9A19103F-16F7-4668-BE54-9A1E7A4F7556}") = "D3vS1m.Infrastructure", "D3vS1m.Infrastructure\D3vS1m.Infrastructure.csproj", "{84CF0881-E3F0-487B-BDDD-FB67728CEB4B}"
EndProject
Project("{9A19103F-16F7-4668-BE54-9A1E7A4F7556}") = "D3vS1m.Docu", "D3vS1m.Docu\D3vS1m.Docu.csproj", "{E05CBD1B-46C4-4864-B44C-9182A75C3354}"
EndProject
Project("{2150E333-8FDC-42A3-9474-1A3956D46DE8}") = "Presentation", "Presentation", "{716F85C6-5EF2-438B-9109-B54410D3B297}"
EndProject
Project("{9A19103F-16F7-4668-BE54-9A1E7A4F7556}") = "D3vS1m.Cli", "D3vS1m.Cli\D3vS1m.Cli.csproj", "{F0E77447-7D78-47E7-B8B8-5FE63C4283F3}"
EndProject
Project("{FAE04EC0-301F-11D3-BF4B-00C04F79EFBC}") = "D3vS1m.Blazor", "D3vS1m.Blazor\D3vS1m.Blazor.csproj", "{C9EE51D7-713C-41E8-A4C9-8421219BA091}"
EndProject
Global
	GlobalSection(SolutionConfigurationPlatforms) = preSolution
		Debug|Any CPU = Debug|Any CPU
		Release|Any CPU = Release|Any CPU
	EndGlobalSection
	GlobalSection(ProjectConfigurationPlatforms) = postSolution
		{E70606E0-D54C-48D4-B650-AA52FAE25E75}.Debug|Any CPU.ActiveCfg = Debug|Any CPU
		{E70606E0-D54C-48D4-B650-AA52FAE25E75}.Debug|Any CPU.Build.0 = Debug|Any CPU
		{E70606E0-D54C-48D4-B650-AA52FAE25E75}.Release|Any CPU.ActiveCfg = Debug|Any CPU
		{E70606E0-D54C-48D4-B650-AA52FAE25E75}.Release|Any CPU.Build.0 = Debug|Any CPU
		{2217EEDA-E303-423C-A2C4-D2F65837748E}.Debug|Any CPU.ActiveCfg = Debug|Any CPU
		{2217EEDA-E303-423C-A2C4-D2F65837748E}.Debug|Any CPU.Build.0 = Debug|Any CPU
		{2217EEDA-E303-423C-A2C4-D2F65837748E}.Release|Any CPU.ActiveCfg = Debug|Any CPU
		{2217EEDA-E303-423C-A2C4-D2F65837748E}.Release|Any CPU.Build.0 = Debug|Any CPU
		{6D46A54C-A368-4360-AEA9-2338DE9718CD}.Debug|Any CPU.ActiveCfg = Debug|Any CPU
		{6D46A54C-A368-4360-AEA9-2338DE9718CD}.Debug|Any CPU.Build.0 = Debug|Any CPU
		{6D46A54C-A368-4360-AEA9-2338DE9718CD}.Release|Any CPU.ActiveCfg = Debug|Any CPU
		{6D46A54C-A368-4360-AEA9-2338DE9718CD}.Release|Any CPU.Build.0 = Debug|Any CPU
		{9D90B781-E52C-4163-A430-52E227021421}.Debug|Any CPU.ActiveCfg = Debug|Any CPU
		{9D90B781-E52C-4163-A430-52E227021421}.Debug|Any CPU.Build.0 = Debug|Any CPU
		{9D90B781-E52C-4163-A430-52E227021421}.Release|Any CPU.ActiveCfg = Debug|Any CPU
		{9D90B781-E52C-4163-A430-52E227021421}.Release|Any CPU.Build.0 = Debug|Any CPU
		{84CF0881-E3F0-487B-BDDD-FB67728CEB4B}.Debug|Any CPU.ActiveCfg = Debug|Any CPU
		{84CF0881-E3F0-487B-BDDD-FB67728CEB4B}.Debug|Any CPU.Build.0 = Debug|Any CPU
		{84CF0881-E3F0-487B-BDDD-FB67728CEB4B}.Release|Any CPU.ActiveCfg = Debug|Any CPU
		{84CF0881-E3F0-487B-BDDD-FB67728CEB4B}.Release|Any CPU.Build.0 = Debug|Any CPU
		{E05CBD1B-46C4-4864-B44C-9182A75C3354}.Debug|Any CPU.ActiveCfg = Debug|Any CPU
		{E05CBD1B-46C4-4864-B44C-9182A75C3354}.Release|Any CPU.ActiveCfg = Debug|Any CPU
		{F0E77447-7D78-47E7-B8B8-5FE63C4283F3}.Debug|Any CPU.ActiveCfg = Debug|Any CPU
		{F0E77447-7D78-47E7-B8B8-5FE63C4283F3}.Debug|Any CPU.Build.0 = Debug|Any CPU
		{F0E77447-7D78-47E7-B8B8-5FE63C4283F3}.Release|Any CPU.ActiveCfg = Release|Any CPU
		{F0E77447-7D78-47E7-B8B8-5FE63C4283F3}.Release|Any CPU.Build.0 = Release|Any CPU
		{C9EE51D7-713C-41E8-A4C9-8421219BA091}.Debug|Any CPU.ActiveCfg = Debug|Any CPU
		{C9EE51D7-713C-41E8-A4C9-8421219BA091}.Debug|Any CPU.Build.0 = Debug|Any CPU
		{C9EE51D7-713C-41E8-A4C9-8421219BA091}.Release|Any CPU.ActiveCfg = Release|Any CPU
		{C9EE51D7-713C-41E8-A4C9-8421219BA091}.Release|Any CPU.Build.0 = Release|Any CPU
	EndGlobalSection
	GlobalSection(SolutionProperties) = preSolution
		HideSolutionNode = FALSE
	EndGlobalSection
	GlobalSection(NestedProjects) = preSolution
		{F0E77447-7D78-47E7-B8B8-5FE63C4283F3} = {716F85C6-5EF2-438B-9109-B54410D3B297}
		{C9EE51D7-713C-41E8-A4C9-8421219BA091} = {716F85C6-5EF2-438B-9109-B54410D3B297}
	EndGlobalSection
	GlobalSection(ExtensibilityGlobals) = postSolution
		SolutionGuid = {9D159DB2-D55B-42CA-93B4-F2780222BEE6}
	EndGlobalSection
EndGlobal
